<Solution>
  <Project Path="Meloht.API.Gateway.BackendAPI/Meloht.API.Gateway.BackendAPI.csproj" Id="98c5f3a4-2fe9-4b3a-bbd7-16d83fe73e52" />
  <Project Path="Meloht.API.Gateway.MySql/Meloht.API.Gateway.MySql.csproj" Id="7a204b56-210a-40d5-87e1-9a7219a7daec" />
  <Project Path="Meloht.API.Gateway.PostgreSQL/Meloht.API.Gateway.PostgreSQL.csproj" Id="cab80f60-da8c-40ff-907d-8fce2222cb0c" />
  <Project Path="Meloht.API.Gateway.SqlServer/Meloht.API.Gateway.SqlServer.csproj" Id="81aca5c6-033f-4dcc-8c1a-785e0fe6551f" />
  <Project Path="Meloht.API.Gateway.WebAPI/Meloht.API.Gateway.WebAPI.csproj" />
  <Project Path="Meloht.API.Gateway/Meloht.API.Gateway.csproj" />
</Solution>
